
Microsoft Visual Studio Solution File, Format Version 12.00
# Visual Studio Version 17
VisualStudioVersion = 17.3.32901.215
MinimumVisualStudioVersion = 10.0.40219.1
Project("{FAE04EC0-301F-11D3-BF4B-00C04F79EFBC}") = "Cuckoo", "Cuckoo\Cuckoo.csproj", "{3FC4CF60-0A9B-48FF-832D-79CE3C4EC72A}"
EndProject
Global
	GlobalSection(SolutionConfigurationPlatforms) = preSolution
		Debug|Any CPU = Debug|Any CPU
		Release|Any CPU = Release|Any CPU
	EndGlobalSection
	GlobalSection(ProjectConfigurationPlatforms) = postSolution
		{3FC4CF60-0A9B-48FF-832D-79CE3C4EC72A}.Debug|Any CPU.ActiveCfg = Debug|Any CPU
		{3FC4CF60-0A9B-48FF-832D-79CE3C4EC72A}.Debug|Any CPU.Build.0 = Debug|Any CPU
		{3FC4CF60-0A9B-48FF-832D-79CE3C4EC72A}.Release|Any CPU.ActiveCfg = Release|Any CPU
		{3FC4CF60-0A9B-48FF-832D-79CE3C4EC72A}.Release|Any CPU.Build.0 = Release|Any CPU
	EndGlobalSection
	GlobalSection(SolutionProperties) = preSolution
		HideSolutionNode = FALSE
	EndGlobalSection
	GlobalSection(ExtensibilityGlobals) = postSolution
		SolutionGuid = {4047C311-1CE0-4848-B530-AB36C6222B6E}
	EndGlobalSection
EndGlobal
